// !$*UTF8*$!
{
	archiveVersion = 1;
	classes = {
	};
	objectVersion = 50;
	objects = {

/* Begin PBXBuildFile section */
		50CD0B472B20E33F00764CB2 /* AppDelegate.swift in Sources */ = {isa = PBXBuildFile; fileRef = 50CD0B462B20E33F00764CB2 /* AppDelegate.swift */; };
		50CD0B492B20E33F00764CB2 /* MainViewController.swift in Sources */ = {isa = PBXBuildFile; fileRef = 50CD0B482B20E33F00764CB2 /* MainViewController.swift */; };
		50CD0B4B2B20E34200764CB2 /* Assets.xcassets in Resources */ = {isa = PBXBuildFile; fileRef = 50CD0B4A2B20E34200764CB2 /* Assets.xcassets */; };
		50CD0B932B2107DA00764CB2 /* main.swift in Sources */ = {isa = PBXBuildFile; fileRef = 50CD0B922B2107DA00764CB2 /* main.swift */; };
		50CD0B952B21182800764CB2 /* BluetoothScanner.swift in Sources */ = {isa = PBXBuildFile; fileRef = 50CD0B942B21182800764CB2 /* BluetoothScanner.swift */; };
		50CD0B972B21523F00764CB2 /* MainPresenter.swift in Sources */ = {isa = PBXBuildFile; fileRef = 50CD0B962B21523F00764CB2 /* MainPresenter.swift */; };
		50CD0B992B21525200764CB2 /* MainAssembly.swift in Sources */ = {isa = PBXBuildFile; fileRef = 50CD0B982B21525200764CB2 /* MainAssembly.swift */; };
/* End PBXBuildFile section */

/* Begin PBXFileReference section */
		50CD0B432B20E33F00764CB2 /* AutomaticBlocking.app */ = {isa = PBXFileReference; explicitFileType = wrapper.application; includeInIndex = 0; path = AutomaticBlocking.app; sourceTree = BUILT_PRODUCTS_DIR; };
		50CD0B462B20E33F00764CB2 /* AppDelegate.swift */ = {isa = PBXFileReference; lastKnownFileType = sourcecode.swift; path = AppDelegate.swift; sourceTree = "<group>"; };
		50CD0B482B20E33F00764CB2 /* MainViewController.swift */ = {isa = PBXFileReference; lastKnownFileType = sourcecode.swift; path = MainViewController.swift; sourceTree = "<group>"; };
		50CD0B4A2B20E34200764CB2 /* Assets.xcassets */ = {isa = PBXFileReference; lastKnownFileType = folder.assetcatalog; path = Assets.xcassets; sourceTree = "<group>"; };
		50CD0B4F2B20E34200764CB2 /* Info.plist */ = {isa = PBXFileReference; lastKnownFileType = text.plist.xml; path = Info.plist; sourceTree = "<group>"; };
		50CD0B502B20E34200764CB2 /* AutomaticBlocking.entitlements */ = {isa = PBXFileReference; lastKnownFileType = text.plist.entitlements; path = AutomaticBlocking.entitlements; sourceTree = "<group>"; };
		50CD0B922B2107DA00764CB2 /* main.swift */ = {isa = PBXFileReference; lastKnownFileType = sourcecode.swift; path = main.swift; sourceTree = "<group>"; };
		50CD0B942B21182800764CB2 /* BluetoothScanner.swift */ = {isa = PBXFileReference; lastKnownFileType = sourcecode.swift; path = BluetoothScanner.swift; sourceTree = "<group>"; };
		50CD0B962B21523F00764CB2 /* MainPresenter.swift */ = {isa = PBXFileReference; lastKnownFileType = sourcecode.swift; path = MainPresenter.swift; sourceTree = "<group>"; };
		50CD0B982B21525200764CB2 /* MainAssembly.swift */ = {isa = PBXFileReference; lastKnownFileType = sourcecode.swift; path = MainAssembly.swift; sourceTree = "<group>"; };
/* End PBXFileReference section */

/* Begin PBXFrameworksBuildPhase section */
		50CD0B402B20E33F00764CB2 /* Frameworks */ = {
			isa = PBXFrameworksBuildPhase;
			buildActionMask = 2147483647;
			files = (
			);
			runOnlyForDeploymentPostprocessing = 0;
		};
/* End PBXFrameworksBuildPhase section */

/* Begin PBXGroup section */
		50CD0B3A2B20E33F00764CB2 = {
			isa = PBXGroup;
			children = (
				50CD0B452B20E33F00764CB2 /* AutomaticBlocking */,
				50CD0B442B20E33F00764CB2 /* Products */,
			);
			sourceTree = "<group>";
		};
		50CD0B442B20E33F00764CB2 /* Products */ = {
			isa = PBXGroup;
			children = (
				50CD0B432B20E33F00764CB2 /* AutomaticBlocking.app */,
			);
			name = Products;
			sourceTree = "<group>";
		};
		50CD0B452B20E33F00764CB2 /* AutomaticBlocking */ = {
			isa = PBXGroup;
			children = (
				50CD0B9B2B339D4000764CB2 /* Services */,
				50CD0B9A2B339D3A00764CB2 /* MVP */,
				50CD0B462B20E33F00764CB2 /* AppDelegate.swift */,
				50CD0B4A2B20E34200764CB2 /* Assets.xcassets */,
				50CD0B4F2B20E34200764CB2 /* Info.plist */,
				50CD0B502B20E34200764CB2 /* AutomaticBlocking.entitlements */,
				50CD0B922B2107DA00764CB2 /* main.swift */,
			);
			path = AutomaticBlocking;
			sourceTree = "<group>";
		};
		50CD0B9A2B339D3A00764CB2 /* MVP */ = {
			isa = PBXGroup;
			children = (
				50CD0B482B20E33F00764CB2 /* MainViewController.swift */,
				50CD0B962B21523F00764CB2 /* MainPresenter.swift */,
				50CD0B982B21525200764CB2 /* MainAssembly.swift */,
			);
			path = MVP;
			sourceTree = "<group>";
		};
		50CD0B9B2B339D4000764CB2 /* Services */ = {
			isa = PBXGroup;
			children = (
				50CD0B942B21182800764CB2 /* BluetoothScanner.swift */,
			);
			path = Services;
			sourceTree = "<group>";
		};
/* End PBXGroup section */

/* Begin PBXNativeTarget section */
		50CD0B422B20E33F00764CB2 /* AutomaticBlocking */ = {
			isa = PBXNativeTarget;
			buildConfigurationList = 50CD0B532B20E34200764CB2 /* Build configuration list for PBXNativeTarget "AutomaticBlocking" */;
			buildPhases = (
				50CD0B3F2B20E33F00764CB2 /* Sources */,
				50CD0B402B20E33F00764CB2 /* Frameworks */,
				50CD0B412B20E33F00764CB2 /* Resources */,
			);
			buildRules = (
			);
			dependencies = (
			);
			name = AutomaticBlocking;
			productName = AutomaticBlocking;
			productReference = 50CD0B432B20E33F00764CB2 /* AutomaticBlocking.app */;
			productType = "com.apple.product-type.application";
		};
/* End PBXNativeTarget section */

/* Begin PBXProject section */
		50CD0B3B2B20E33F00764CB2 /* Project object */ = {
			isa = PBXProject;
			attributes = {
				LastSwiftUpdateCheck = 1140;
				LastUpgradeCheck = 1140;
				ORGANIZATIONNAME = dreamTeam;
				TargetAttributes = {
					50CD0B422B20E33F00764CB2 = {
						CreatedOnToolsVersion = 11.4.1;
					};
				};
			};
			buildConfigurationList = 50CD0B3E2B20E33F00764CB2 /* Build configuration list for PBXProject "AutomaticBlocking" */;
			compatibilityVersion = "Xcode 9.3";
			developmentRegion = en;
			hasScannedForEncodings = 0;
			knownRegions = (
				en,
				Base,
			);
			mainGroup = 50CD0B3A2B20E33F00764CB2;
			productRefGroup = 50CD0B442B20E33F00764CB2 /* Products */;
			projectDirPath = "";
			projectRoot = "";
			targets = (
				50CD0B422B20E33F00764CB2 /* AutomaticBlocking */,
			);
		};
/* End PBXProject section */

/* Begin PBXResourcesBuildPhase section */
		50CD0B412B20E33F00764CB2 /* Resources */ = {
			isa = PBXResourcesBuildPhase;
			buildActionMask = 2147483647;
			files = (
				50CD0B4B2B20E34200764CB2 /* Assets.xcassets in Resources */,
			);
			runOnlyForDeploymentPostprocessing = 0;
		};
/* End PBXResourcesBuildPhase section */

/* Begin PBXSourcesBuildPhase section */
		50CD0B3F2B20E33F00764CB2 /* Sources */ = {
			isa = PBXSourcesBuildPhase;
			buildActionMask = 2147483647;
			files = (
				50CD0B972B21523F00764CB2 /* MainPresenter.swift in Sources */,
				50CD0B492B20E33F00764CB2 /* MainViewController.swift in Sources */,
				50CD0B952B21182800764CB2 /* BluetoothScanner.swift in Sources */,
				50CD0B472B20E33F00764CB2 /* AppDelegate.swift in Sources */,
				50CD0B992B21525200764CB2 /* MainAssembly.swift in Sources */,
				50CD0B932B2107DA00764CB2 /* main.swift in Sources */,
			);
			runOnlyForDeploymentPostprocessing = 0;
		};
/* End PBXSourcesBuildPhase section */

/* Begin XCBuildConfiguration section */
		50CD0B512B20E34200764CB2 /* Debug */ = {
			isa = XCBuildConfiguration;
			buildSettings = {
				ALWAYS_SEARCH_USER_PATHS = NO;
				CLANG_ANALYZER_NONNULL = YES;
				CLANG_ANALYZER_NUMBER_OBJECT_CONVERSION = YES_AGGRESSIVE;
				CLANG_CXX_LANGUAGE_STANDARD = "gnu++14";
				CLANG_CXX_LIBRARY = "libc++";
				CLANG_ENABLE_MODULES = YES;
				CLANG_ENABLE_OBJC_ARC = YES;
				CLANG_ENABLE_OBJC_WEAK = YES;
				CLANG_WARN_BLOCK_CAPTURE_AUTORELEASING = YES;
				CLANG_WARN_BOOL_CONVERSION = YES;
				CLANG_WARN_COMMA = YES;
				CLANG_WARN_CONSTANT_CONVERSION = YES;
				CLANG_WARN_DEPRECATED_OBJC_IMPLEMENTATIONS = YES;
				CLANG_WARN_DIRECT_OBJC_ISA_USAGE = YES_ERROR;
				CLANG_WARN_DOCUMENTATION_COMMENTS = YES;
				CLANG_WARN_EMPTY_BODY = YES;
				CLANG_WARN_ENUM_CONVERSION = YES;
				CLANG_WARN_INFINITE_RECURSION = YES;
				CLANG_WARN_INT_CONVERSION = YES;
				CLANG_WARN_NON_LITERAL_NULL_CONVERSION = YES;
				CLANG_WARN_OBJC_IMPLICIT_RETAIN_SELF = YES;
				CLANG_WARN_OBJC_LITERAL_CONVERSION = YES;
				CLANG_WARN_OBJC_ROOT_CLASS = YES_ERROR;
				CLANG_WARN_RANGE_LOOP_ANALYSIS = YES;
				CLANG_WARN_STRICT_PROTOTYPES = YES;
				CLANG_WARN_SUSPICIOUS_MOVE = YES;
				CLANG_WARN_UNGUARDED_AVAILABILITY = YES_AGGRESSIVE;
				CLANG_WARN_UNREACHABLE_CODE = YES;
				CLANG_WARN__DUPLICATE_METHOD_MATCH = YES;
				COPY_PHASE_STRIP = NO;
				DEBUG_INFORMATION_FORMAT = dwarf;
				ENABLE_STRICT_OBJC_MSGSEND = YES;
				ENABLE_TESTABILITY = YES;
				GCC_C_LANGUAGE_STANDARD = gnu11;
				GCC_DYNAMIC_NO_PIC = NO;
				GCC_NO_COMMON_BLOCKS = YES;
				GCC_OPTIMIZATION_LEVEL = 0;
				GCC_PREPROCESSOR_DEFINITIONS = (
					"DEBUG=1",
					"$(inherited)",
				);
				GCC_WARN_64_TO_32_BIT_CONVERSION = YES;
				GCC_WARN_ABOUT_RETURN_TYPE = YES_ERROR;
				GCC_WARN_UNDECLARED_SELECTOR = YES;
				GCC_WARN_UNINITIALIZED_AUTOS = YES_AGGRESSIVE;
				GCC_WARN_UNUSED_FUNCTION = YES;
				GCC_WARN_UNUSED_VARIABLE = YES;
				MACOSX_DEPLOYMENT_TARGET = 10.15;
				MTL_ENABLE_DEBUG_INFO = INCLUDE_SOURCE;
				MTL_FAST_MATH = YES;
				ONLY_ACTIVE_ARCH = YES;
				SDKROOT = macosx;
				SWIFT_ACTIVE_COMPILATION_CONDITIONS = DEBUG;
				SWIFT_OPTIMIZATION_LEVEL = "-Onone";
			};
			name = Debug;
		};
		50CD0B522B20E34200764CB2 /* Release */ = {
			isa = XCBuildConfiguration;
			buildSettings = {
				ALWAYS_SEARCH_USER_PATHS = NO;
				CLANG_ANALYZER_NONNULL = YES;
				CLANG_ANALYZER_NUMBER_OBJECT_CONVERSION = YES_AGGRESSIVE;
				CLANG_CXX_LANGUAGE_STANDARD = "gnu++14";
				CLANG_CXX_LIBRARY = "libc++";
				CLANG_ENABLE_MODULES = YES;
				CLANG_ENABLE_OBJC_ARC = YES;
				CLANG_ENABLE_OBJC_WEAK = YES;
				CLANG_WARN_BLOCK_CAPTURE_AUTORELEASING = YES;
				CLANG_WARN_BOOL_CONVERSION = YES;
				CLANG_WARN_COMMA = YES;
				CLANG_WARN_CONSTANT_CONVERSION = YES;
				CLANG_WARN_DEPRECATED_OBJC_IMPLEMENTATIONS = YES;
				CLANG_WARN_DIRECT_OBJC_ISA_USAGE = YES_ERROR;
				CLANG_WARN_DOCUMENTATION_COMMENTS = YES;
				CLANG_WARN_EMPTY_BODY = YES;
				CLANG_WARN_ENUM_CONVERSION = YES;
				CLANG_WARN_INFINITE_RECURSION = YES;
				CLANG_WARN_INT_CONVERSION = YES;
				CLANG_WARN_NON_LITERAL_NULL_CONVERSION = YES;
				CLANG_WARN_OBJC_IMPLICIT_RETAIN_SELF = YES;
				CLANG_WARN_OBJC_LITERAL_CONVERSION = YES;
				CLANG_WARN_OBJC_ROOT_CLASS = YES_ERROR;
				CLANG_WARN_RANGE_LOOP_ANALYSIS = YES;
				CLANG_WARN_STRICT_PROTOTYPES = YES;
				CLANG_WARN_SUSPICIOUS_MOVE = YES;
				CLANG_WARN_UNGUARDED_AVAILABILITY = YES_AGGRESSIVE;
				CLANG_WARN_UNREACHABLE_CODE = YES;
				CLANG_WARN__DUPLICATE_METHOD_MATCH = YES;
				COPY_PHASE_STRIP = NO;
				DEBUG_INFORMATION_FORMAT = "dwarf-with-dsym";
				ENABLE_NS_ASSERTIONS = NO;
				ENABLE_STRICT_OBJC_MSGSEND = YES;
				GCC_C_LANGUAGE_STANDARD = gnu11;
				GCC_NO_COMMON_BLOCKS = YES;
				GCC_WARN_64_TO_32_BIT_CONVERSION = YES;
				GCC_WARN_ABOUT_RETURN_TYPE = YES_ERROR;
				GCC_WARN_UNDECLARED_SELECTOR = YES;
				GCC_WARN_UNINITIALIZED_AUTOS = YES_AGGRESSIVE;
				GCC_WARN_UNUSED_FUNCTION = YES;
				GCC_WARN_UNUSED_VARIABLE = YES;
				MACOSX_DEPLOYMENT_TARGET = 10.15;
				MTL_ENABLE_DEBUG_INFO = NO;
				MTL_FAST_MATH = YES;
				SDKROOT = macosx;
				SWIFT_COMPILATION_MODE = wholemodule;
				SWIFT_OPTIMIZATION_LEVEL = "-O";
			};
			name = Release;
		};
		50CD0B542B20E34200764CB2 /* Debug */ = {
			isa = XCBuildConfiguration;
			buildSettings = {
				ASSETCATALOG_COMPILER_APPICON_NAME = AppIcon;
				CODE_SIGN_ENTITLEMENTS = AutomaticBlocking/AutomaticBlocking.entitlements;
				CODE_SIGN_IDENTITY = "-";
				CODE_SIGN_STYLE = Automatic;
				COMBINE_HIDPI_IMAGES = YES;
				DEVELOPMENT_TEAM = W394H5D9V7;
				ENABLE_HARDENED_RUNTIME = YES;
				INFOPLIST_FILE = AutomaticBlocking/Info.plist;
				LD_RUNPATH_SEARCH_PATHS = (
					"$(inherited)",
					"@executable_path/../Frameworks",
				);
				PRODUCT_BUNDLE_IDENTIFIER = ru.dreamTeam.AutomaticBlocking;
				PRODUCT_NAME = "$(TARGET_NAME)";
				SWIFT_VERSION = 5.0;
			};
			name = Debug;
		};
		50CD0B552B20E34200764CB2 /* Release */ = {
			isa = XCBuildConfiguration;
			buildSettings = {
				ASSETCATALOG_COMPILER_APPICON_NAME = AppIcon;
				CODE_SIGN_ENTITLEMENTS = AutomaticBlocking/AutomaticBlocking.entitlements;
				CODE_SIGN_IDENTITY = "-";
				CODE_SIGN_STYLE = Automatic;
				COMBINE_HIDPI_IMAGES = YES;
				DEVELOPMENT_TEAM = W394H5D9V7;
				ENABLE_HARDENED_RUNTIME = YES;
				INFOPLIST_FILE = AutomaticBlocking/Info.plist;
				LD_RUNPATH_SEARCH_PATHS = (
					"$(inherited)",
					"@executable_path/../Frameworks",
				);
				PRODUCT_BUNDLE_IDENTIFIER = ru.dreamTeam.AutomaticBlocking;
				PRODUCT_NAME = "$(TARGET_NAME)";
				SWIFT_VERSION = 5.0;
			};
			name = Release;
		};
/* End XCBuildConfiguration section */

/* Begin XCConfigurationList section */
		50CD0B3E2B20E33F00764CB2 /* Build configuration list for PBXProject "AutomaticBlocking" */ = {
			isa = XCConfigurationList;
			buildConfigurations = (
				50CD0B512B20E34200764CB2 /* Debug */,
				50CD0B522B20E34200764CB2 /* Release */,
			);
			defaultConfigurationIsVisible = 0;
			defaultConfigurationName = Release;
		};
		50CD0B532B20E34200764CB2 /* Build configuration list for PBXNativeTarget "AutomaticBlocking" */ = {
			isa = XCConfigurationList;
			buildConfigurations = (
				50CD0B542B20E34200764CB2 /* Debug */,
				50CD0B552B20E34200764CB2 /* Release */,
			);
			defaultConfigurationIsVisible = 0;
			defaultConfigurationName = Release;
		};
/* End XCConfigurationList section */
	};
	rootObject = 50CD0B3B2B20E33F00764CB2 /* Project object */;
}
